<?xml version="1.0" encoding="utf-8"?>
<Project ToolsVersion="4.0" xmlns="http://schemas.microsoft.com/developer/msbuild/2003">
  <ItemGroup>
    <Filter Include="src">
      <UniqueIdentifier>{4FC737F1-C7A5-4376-A066-2A32D752A2FF}</UniqueIdentifier>
      <Extensions>cpp;c;cxx;def;odl;idl;hpj;bat;asm;asmx</Extensions>
    </Filter>
  </ItemGroup>
  <ItemGroup>
    <ClInclude Include="..\..\src\libs\jpeg6\jchuff.h">
      <Filter>src</Filter>
    </ClInclude>
    <ClInclude Include="..\..\src\libs\jpeg6\jconfig.h">
      <Filter>src</Filter>
    </ClInclude>
    <ClInclude Include="..\..\src\libs\jpeg6\jdct.h">
      <Filter>src</Filter>
    </ClInclude>
    <ClInclude Include="..\..\src\libs\jpeg6\jdhuff.h">
      <Filter>src</Filter>
    </ClInclude>
    <ClInclude Include="..\..\src\libs\jpeg6\jerror.h">
      <Filter>src</Filter>
    </ClInclude>
    <ClInclude Include="..\..\src\libs\jpeg6\jinclude.h">
      <Filter>src</Filter>
    </ClInclude>
    <ClInclude Include="..\..\src\libs\jpeg6\jmemsys.h">
      <Filter>src</Filter>
    </ClInclude>
    <ClInclude Include="..\..\src\libs\jpeg6\jmorecfg.h">
      <Filter>src</Filter>
    </ClInclude>
    <ClInclude Include="..\..\src\libs\jpeg6\jpegint.h">
      <Filter>src</Filter>
    </ClInclude>
    <ClInclude Include="..\..\src\libs\jpeglib.h">
      <Filter>src</Filter>
    </ClInclude>
    <ClInclude Include="..\..\src\libs\jpeg6\jversion.h">
      <Filter>src</Filter>
    </ClInclude>
  </ItemGroup>
  <ItemGroup>
    <ClCompile Include="..\..\src\libs\jpeg6\jcomapi.cpp">
      <Filter>src</Filter>
    </ClCompile>
    <ClCompile Include="..\..\src\libs\jpeg6\jdapimin.cpp">
      <Filter>src</Filter>
    </ClCompile>
    <ClCompile Include="..\..\src\libs\jpeg6\jdapistd.cpp">
      <Filter>src</Filter>
    </ClCompile>
    <ClCompile Include="..\..\src\libs\jpeg6\jdatasrc.cpp">
      <Filter>src</Filter>
    </ClCompile>
    <ClCompile Include="..\..\src\libs\jpeg6\jdcoefct.cpp">
      <Filter>src</Filter>
    </ClCompile>
    <ClCompile Include="..\..\src\libs\jpeg6\jdcolor.cpp">
      <Filter>src</Filter>
    </ClCompile>
    <ClCompile Include="..\..\src\libs\jpeg6\jddctmgr.cpp">
      <Filter>src</Filter>
    </ClCompile>
    <ClCompile Include="..\..\src\libs\jpeg6\jdhuff.cpp">
      <Filter>src</Filter>
    </ClCompile>
    <ClCompile Include="..\..\src\libs\jpeg6\jdinput.cpp">
      <Filter>src</Filter>
    </ClCompile>
    <ClCompile Include="..\..\src\libs\jpeg6\jdmainct.cpp">
      <Filter>src</Filter>
    </ClCompile>
    <ClCompile Include="..\..\src\libs\jpeg6\jdmarker.cpp">
      <Filter>src</Filter>
    </ClCompile>
    <ClCompile Include="..\..\src\libs\jpeg6\jdmaster.cpp">
      <Filter>src</Filter>
    </ClCompile>
    <ClCompile Include="..\..\src\libs\jpeg6\jdpostct.cpp">
      <Filter>src</Filter>
    </ClCompile>
    <ClCompile Include="..\..\src\libs\jpeg6\jdsample.cpp">
      <Filter>src</Filter>
    </ClCompile>
    <ClCompile Include="..\..\src\libs\jpeg6\jdtrans.cpp">
      <Filter>src</Filter>
    </ClCompile>
    <ClCompile Include="..\..\src\libs\jpeg6\jerror.cpp">
      <Filter>src</Filter>
    </ClCompile>
    <ClCompile Include="..\..\src\libs\jpeg6\jfdctflt.cpp">
      <Filter>src</Filter>
    </ClCompile>
    <ClCompile Include="..\..\src\libs\jpeg6\jidctflt.cpp">
      <Filter>src</Filter>
    </ClCompile>
    <ClCompile Include="..\..\src\libs\jpeg6\jmemmgr.cpp">
      <Filter>src</Filter>
    </ClCompile>
    <ClCompile Include="..\..\src\libs\jpeg6\jmemnobs.cpp">
      <Filter>src</Filter>
    </ClCompile>
    <ClCompile Include="..\..\src\libs\jpeg6\jpgload.cpp">
      <Filter>src</Filter>
    </ClCompile>
    <ClCompile Include="..\..\src\libs\jpeg6\jutils.cpp">
      <Filter>src</Filter>
    </ClCompile>
  </ItemGroup>
</Project>