<?xml version="1.0" encoding="utf-8"?>
<Project ToolsVersion="4.0" xmlns="http://schemas.microsoft.com/developer/msbuild/2003">
  <ItemGroup>
    <Filter Include="src">
      <UniqueIdentifier>{2736e11f-b797-4473-899c-e166aff3fb0a}</UniqueIdentifier>
    </Filter>
  </ItemGroup>
  <ItemGroup>
    <ClCompile Include="..\..\src\libs\l_net\l_net.c">
      <Filter>src</Filter>
    </ClCompile>
    <ClCompile Include="..\..\src\libs\l_net\l_net_wins.c">
      <Filter>src</Filter>
    </ClCompile>
  </ItemGroup>
  <ItemGroup>
    <ClInclude Include="..\..\src\libs\l_net\l_net.h">
      <Filter>src</Filter>
    </ClInclude>
    <ClInclude Include="..\..\src\libs\l_net\l_net_wins.h">
      <Filter>src</Filter>
    </ClInclude>
  </ItemGroup>
</Project>